
Microsoft Visual Studio Solution File, Format Version 12.00
# Visual Studio Version 17
VisualStudioVersion = 17.0.32014.148
MinimumVisualStudioVersion = 10.0.40219.1
Project("{FAE04EC0-301F-11D3-BF4B-00C04F79EFBC}") = "BracketChallenge", "BracketChallenge\BracketChallenge.csproj", "{81DF1A08-19EC-4E3C-872D-03CDED2F9592}"
EndProject
Global
	GlobalSection(SolutionConfigurationPlatforms) = preSolution
		Debug|Any CPU = Debug|Any CPU
		Release|Any CPU = Release|Any CPU
	EndGlobalSection
	GlobalSection(ProjectConfigurationPlatforms) = postSolution
		{81DF1A08-19EC-4E3C-872D-03CDED2F9592}.Debug|Any CPU.ActiveCfg = Debug|Any CPU
		{81DF1A08-19EC-4E3C-872D-03CDED2F9592}.Debug|Any CPU.Build.0 = Debug|Any CPU
		{81DF1A08-19EC-4E3C-872D-03CDED2F9592}.Release|Any CPU.ActiveCfg = Release|Any CPU
		{81DF1A08-19EC-4E3C-872D-03CDED2F9592}.Release|Any CPU.Build.0 = Release|Any CPU
	EndGlobalSection
	GlobalSection(SolutionProperties) = preSolution
		HideSolutionNode = FALSE
	EndGlobalSection
	GlobalSection(ExtensibilityGlobals) = postSolution
		SolutionGuid = {E6A47501-4BE4-4186-B289-D7FD1780D4CA}
	EndGlobalSection
EndGlobal
